PODS:
  - SDWebImage (5.19.6):
    - SDWebImage/Core (= 5.19.6)
  - SDWebImage/Core (5.19.6)

DEPENDENCIES:
  - SDWebImage (~> 5.0)

SPEC REPOS:
  trunk:
    - SDWebImage

SPEC CHECKSUMS:
  SDWebImage: a79252b60f4678812d94316c91da69ec83089c9f

PODFILE CHECKSUM: 5106bbd767e6369814c79c9c06275b12290152a4

COCOAPODS: 1.15.2
